{
  "name": "bailo",
  "version": "0.4.0",
  "lockfileVersion": 2,
  "requires": true,
  "packages": {
    "": {
      "name": "bailo",
      "version": "0.4.0",
      "hasInstallScript": true,
      "devDependencies": {
        "prettier": "^2.8.7"
      }
    },
    "node_modules/prettier": {
      "version": "2.8.7",
      "dev": true,
      "license": "MIT",
      "bin": {
        "prettier": "bin-prettier.js"
      },
      "engines": {
        "node": ">=10.13.0"
      },
      "funding": {
        "url": "https://github.com/prettier/prettier?sponsor=1"
      }
    }
  },
  "dependencies": {
    "prettier": {
      "version": "2.8.7",
      "dev": true
    }
  }
}
