dependencies:
- name: minio
  repository: https://charts.bitnami.com/bitnami
  version: 12.2.5
- name: mongodb
  repository: https://charts.bitnami.com/bitnami
  version: 13.9.4
digest: sha256:cea9921e99cc492b12ecc299cd41a4013eab5fa3f71b8aca73a9dcbfd89ba7dd
generated: "2023-04-17T11:56:14.536181742Z"
