dependencies:
- name: minio
  repository: https://charts.bitnami.com/bitnami
  version: 17.0.21
- name: mongodb
  repository: https://charts.bitnami.com/bitnami
  version: 18.4.8
digest: sha256:c5e6388c4c2318bec99b39e2115d1c64341d54005aa88e4c0e42dde172eb310d
generated: "2026-02-16T11:45:54.261251226Z"
