dependencies:
- name: minio
  repository: https://charts.bitnami.com/bitnami
  version: 17.0.16
- name: mongodb
  repository: https://charts.bitnami.com/bitnami
  version: 16.5.40
digest: sha256:0398749f97231cbb638fa4b18c50056b80d2a982df66f838768ac57dc75f9ca7
generated: "2025-08-11T11:07:12.355850045Z"
