dependencies:
- name: minio
  repository: https://charts.bitnami.com/bitnami
  version: 10.0.4
- name: mongodb
  repository: https://charts.bitnami.com/bitnami
  version: 10.31.5
digest: sha256:239ac78ecb86d0d021c1ae029622c5337afa05df7d2147fc505684016e092ea1
generated: "2022-02-10T14:17:41.265878Z"
