dependencies:
- name: minio
  repository: https://charts.bitnami.com/bitnami
  version: 10.0.4
- name: mongodb
  repository: https://charts.bitnami.com/bitnami
  version: 10.31.5
digest: sha256:52f6a5c15435243fc944c9a384c1241b04789abd266251da8e1e07f1a08a5c1c
generated: "2022-09-14T08:17:28.450944132Z"
