dependencies:
- name: minio
  repository: https://raw.githubusercontent.com/bitnami/charts/archive-full-index/bitnami
  version: 10.0.4
- name: mongodb
  repository: https://raw.githubusercontent.com/bitnami/charts/archive-full-index/bitnami
  version: 10.31.5
digest: sha256:4581a09c682a6c2ff750cab993e75dd85240f0e1f55c2bad586e38f540718b26
generated: "2022-12-23T19:27:49.969950223Z"
